// !$*UTF8*$!
{
	archiveVersion = 1;
	classes = {
	};
	objectVersion = 46;
	objects = {

/* Begin PBXBuildFile section */
		495863E91D56462A008DD607 /* AXUIElementExtensions.swift in Sources */ = {isa = PBXBuildFile; fileRef = 495863E81D56462A008DD607 /* AXUIElementExtensions.swift */; };
		498763F01D4D84E9001A6121 /* AppDelegate.swift in Sources */ = {isa = PBXBuildFile; fileRef = 498763EF1D4D84E9001A6121 /* AppDelegate.swift */; };
		498763F21D4D84E9001A6121 /* Assets.xcassets in Resources */ = {isa = PBXBuildFile; fileRef = 498763F11D4D84E9001A6121 /* Assets.xcassets */; };
		498763F51D4D84E9001A6121 /* MainMenu.xib in Resources */ = {isa = PBXBuildFile; fileRef = 498763F31D4D84E9001A6121 /* MainMenu.xib */; };
		49B27FBB1D52F63E0094EE9C /* SafariTechnologyPreview.m in Sources */ = {isa = PBXBuildFile; fileRef = 49B27FBA1D52F63E0094EE9C /* SafariTechnologyPreview.m */; };
/* End PBXBuildFile section */

/* Begin PBXFileReference section */
		495863E81D56462A008DD607 /* AXUIElementExtensions.swift */ = {isa = PBXFileReference; fileEncoding = 4; lastKnownFileType = sourcecode.swift; path = AXUIElementExtensions.swift; sourceTree = "<group>"; };
		498763EC1D4D84E9001A6121 /* OpenHere.app */ = {isa = PBXFileReference; explicitFileType = wrapper.application; includeInIndex = 0; path = OpenHere.app; sourceTree = BUILT_PRODUCTS_DIR; };
		498763EF1D4D84E9001A6121 /* AppDelegate.swift */ = {isa = PBXFileReference; lastKnownFileType = sourcecode.swift; path = AppDelegate.swift; sourceTree = "<group>"; };
		498763F11D4D84E9001A6121 /* Assets.xcassets */ = {isa = PBXFileReference; lastKnownFileType = folder.assetcatalog; path = Assets.xcassets; sourceTree = "<group>"; };
		498763F41D4D84E9001A6121 /* Base */ = {isa = PBXFileReference; lastKnownFileType = file.xib; name = Base; path = Base.lproj/MainMenu.xib; sourceTree = "<group>"; };
		498763F61D4D84E9001A6121 /* Info.plist */ = {isa = PBXFileReference; lastKnownFileType = text.plist.xml; path = Info.plist; sourceTree = "<group>"; };
		49B27FB51D51A8990094EE9C /* SafariTechnologyPreviewSupport.h */ = {isa = PBXFileReference; fileEncoding = 4; lastKnownFileType = sourcecode.c.h; path = SafariTechnologyPreviewSupport.h; sourceTree = "<group>"; };
		49B27FB61D51A9730094EE9C /* OpenHere-Bridging-Header.h */ = {isa = PBXFileReference; fileEncoding = 4; lastKnownFileType = sourcecode.c.h; path = "OpenHere-Bridging-Header.h"; sourceTree = "<group>"; };
		49B27FB91D52F63E0094EE9C /* SafariTechnologyPreview.h */ = {isa = PBXFileReference; fileEncoding = 4; lastKnownFileType = sourcecode.c.h; path = SafariTechnologyPreview.h; sourceTree = "<group>"; };
		49B27FBA1D52F63E0094EE9C /* SafariTechnologyPreview.m */ = {isa = PBXFileReference; fileEncoding = 4; lastKnownFileType = sourcecode.c.objc; path = SafariTechnologyPreview.m; sourceTree = "<group>"; };
/* End PBXFileReference section */

/* Begin PBXFrameworksBuildPhase section */
		498763E91D4D84E9001A6121 /* Frameworks */ = {
			isa = PBXFrameworksBuildPhase;
			buildActionMask = 2147483647;
			files = (
			);
			runOnlyForDeploymentPostprocessing = 0;
		};
/* End PBXFrameworksBuildPhase section */

/* Begin PBXGroup section */
		498763E31D4D84E9001A6121 = {
			isa = PBXGroup;
			children = (
				498763EE1D4D84E9001A6121 /* OpenHere */,
				498763ED1D4D84E9001A6121 /* Products */,
			);
			sourceTree = "<group>";
		};
		498763ED1D4D84E9001A6121 /* Products */ = {
			isa = PBXGroup;
			children = (
				498763EC1D4D84E9001A6121 /* OpenHere.app */,
			);
			name = Products;
			sourceTree = "<group>";
		};
		498763EE1D4D84E9001A6121 /* OpenHere */ = {
			isa = PBXGroup;
			children = (
				49B27FB61D51A9730094EE9C /* OpenHere-Bridging-Header.h */,
				49B27FB91D52F63E0094EE9C /* SafariTechnologyPreview.h */,
				49B27FB51D51A8990094EE9C /* SafariTechnologyPreviewSupport.h */,
				49B27FBA1D52F63E0094EE9C /* SafariTechnologyPreview.m */,
				498763F61D4D84E9001A6121 /* Info.plist */,
				498763EF1D4D84E9001A6121 /* AppDelegate.swift */,
				495863E81D56462A008DD607 /* AXUIElementExtensions.swift */,
				498763F11D4D84E9001A6121 /* Assets.xcassets */,
				498763F31D4D84E9001A6121 /* MainMenu.xib */,
			);
			path = OpenHere;
			sourceTree = "<group>";
		};
/* End PBXGroup section */

/* Begin PBXNativeTarget section */
		498763EB1D4D84E9001A6121 /* OpenHere */ = {
			isa = PBXNativeTarget;
			buildConfigurationList = 498763F91D4D84E9001A6121 /* Build configuration list for PBXNativeTarget "OpenHere" */;
			buildPhases = (
				498763E81D4D84E9001A6121 /* Sources */,
				498763E91D4D84E9001A6121 /* Frameworks */,
				498763EA1D4D84E9001A6121 /* Resources */,
			);
			buildRules = (
			);
			dependencies = (
			);
			name = OpenHere;
			productName = OpenHere;
			productReference = 498763EC1D4D84E9001A6121 /* OpenHere.app */;
			productType = "com.apple.product-type.application";
		};
/* End PBXNativeTarget section */

/* Begin PBXProject section */
		498763E41D4D84E9001A6121 /* Project object */ = {
			isa = PBXProject;
			attributes = {
				LastSwiftUpdateCheck = 0800;
				LastUpgradeCheck = 0800;
				ORGANIZATIONNAME = "Marc Schwieterman";
				TargetAttributes = {
					498763EB1D4D84E9001A6121 = {
						CreatedOnToolsVersion = 8.0;
						DevelopmentTeam = F7NXW9A7Z8;
						DevelopmentTeamName = "Marc Schwieterman Software, LLC";
						LastSwiftMigration = 0800;
						ProvisioningStyle = Automatic;
					};
				};
			};
			buildConfigurationList = 498763E71D4D84E9001A6121 /* Build configuration list for PBXProject "OpenHere" */;
			compatibilityVersion = "Xcode 3.2";
			developmentRegion = English;
			hasScannedForEncodings = 0;
			knownRegions = (
				en,
				Base,
			);
			mainGroup = 498763E31D4D84E9001A6121;
			productRefGroup = 498763ED1D4D84E9001A6121 /* Products */;
			projectDirPath = "";
			projectRoot = "";
			targets = (
				498763EB1D4D84E9001A6121 /* OpenHere */,
			);
		};
/* End PBXProject section */

/* Begin PBXResourcesBuildPhase section */
		498763EA1D4D84E9001A6121 /* Resources */ = {
			isa = PBXResourcesBuildPhase;
			buildActionMask = 2147483647;
			files = (
				498763F21D4D84E9001A6121 /* Assets.xcassets in Resources */,
				498763F51D4D84E9001A6121 /* MainMenu.xib in Resources */,
			);
			runOnlyForDeploymentPostprocessing = 0;
		};
/* End PBXResourcesBuildPhase section */

/* Begin PBXSourcesBuildPhase section */
		498763E81D4D84E9001A6121 /* Sources */ = {
			isa = PBXSourcesBuildPhase;
			buildActionMask = 2147483647;
			files = (
				49B27FBB1D52F63E0094EE9C /* SafariTechnologyPreview.m in Sources */,
				495863E91D56462A008DD607 /* AXUIElementExtensions.swift in Sources */,
				498763F01D4D84E9001A6121 /* AppDelegate.swift in Sources */,
			);
			runOnlyForDeploymentPostprocessing = 0;
		};
/* End PBXSourcesBuildPhase section */

/* Begin PBXVariantGroup section */
		498763F31D4D84E9001A6121 /* MainMenu.xib */ = {
			isa = PBXVariantGroup;
			children = (
				498763F41D4D84E9001A6121 /* Base */,
			);
			name = MainMenu.xib;
			sourceTree = "<group>";
		};
/* End PBXVariantGroup section */

/* Begin XCBuildConfiguration section */
		498763F71D4D84E9001A6121 /* Debug */ = {
			isa = XCBuildConfiguration;
			buildSettings = {
				ALWAYS_SEARCH_USER_PATHS = NO;
				CLANG_ANALYZER_NONNULL = YES;
				CLANG_CXX_LANGUAGE_STANDARD = "gnu++0x";
				CLANG_CXX_LIBRARY = "libc++";
				CLANG_ENABLE_MODULES = YES;
				CLANG_ENABLE_OBJC_ARC = YES;
				CLANG_WARN_BOOL_CONVERSION = YES;
				CLANG_WARN_CONSTANT_CONVERSION = YES;
				CLANG_WARN_DIRECT_OBJC_ISA_USAGE = YES_ERROR;
				CLANG_WARN_DOCUMENTATION_COMMENTS = YES;
				CLANG_WARN_EMPTY_BODY = YES;
				CLANG_WARN_ENUM_CONVERSION = YES;
				CLANG_WARN_INT_CONVERSION = YES;
				CLANG_WARN_OBJC_ROOT_CLASS = YES_ERROR;
				CLANG_WARN_UNREACHABLE_CODE = YES;
				CLANG_WARN__DUPLICATE_METHOD_MATCH = YES;
				CODE_SIGN_IDENTITY = "-";
				COPY_PHASE_STRIP = NO;
				DEBUG_INFORMATION_FORMAT = dwarf;
				ENABLE_STRICT_OBJC_MSGSEND = YES;
				ENABLE_TESTABILITY = YES;
				GCC_C_LANGUAGE_STANDARD = gnu99;
				GCC_DYNAMIC_NO_PIC = NO;
				GCC_NO_COMMON_BLOCKS = YES;
				GCC_OPTIMIZATION_LEVEL = 0;
				GCC_PREPROCESSOR_DEFINITIONS = (
					"DEBUG=1",
					"$(inherited)",
				);
				GCC_WARN_64_TO_32_BIT_CONVERSION = YES;
				GCC_WARN_ABOUT_RETURN_TYPE = YES_ERROR;
				GCC_WARN_UNDECLARED_SELECTOR = YES;
				GCC_WARN_UNINITIALIZED_AUTOS = YES_AGGRESSIVE;
				GCC_WARN_UNUSED_FUNCTION = YES;
				GCC_WARN_UNUSED_VARIABLE = YES;
				MACOSX_DEPLOYMENT_TARGET = 10.11;
				MTL_ENABLE_DEBUG_INFO = YES;
				ONLY_ACTIVE_ARCH = YES;
				SDKROOT = macosx;
				SWIFT_ACTIVE_COMPILATION_CONDITIONS = DEBUG;
				SWIFT_OPTIMIZATION_LEVEL = "-Onone";
			};
			name = Debug;
		};
		498763F81D4D84E9001A6121 /* Release */ = {
			isa = XCBuildConfiguration;
			buildSettings = {
				ALWAYS_SEARCH_USER_PATHS = NO;
				CLANG_ANALYZER_NONNULL = YES;
				CLANG_CXX_LANGUAGE_STANDARD = "gnu++0x";
				CLANG_CXX_LIBRARY = "libc++";
				CLANG_ENABLE_MODULES = YES;
				CLANG_ENABLE_OBJC_ARC = YES;
				CLANG_WARN_BOOL_CONVERSION = YES;
				CLANG_WARN_CONSTANT_CONVERSION = YES;
				CLANG_WARN_DIRECT_OBJC_ISA_USAGE = YES_ERROR;
				CLANG_WARN_DOCUMENTATION_COMMENTS = YES;
				CLANG_WARN_EMPTY_BODY = YES;
				CLANG_WARN_ENUM_CONVERSION = YES;
				CLANG_WARN_INT_CONVERSION = YES;
				CLANG_WARN_OBJC_ROOT_CLASS = YES_ERROR;
				CLANG_WARN_UNREACHABLE_CODE = YES;
				CLANG_WARN__DUPLICATE_METHOD_MATCH = YES;
				CODE_SIGN_IDENTITY = "-";
				COPY_PHASE_STRIP = NO;
				DEBUG_INFORMATION_FORMAT = "dwarf-with-dsym";
				ENABLE_NS_ASSERTIONS = NO;
				ENABLE_STRICT_OBJC_MSGSEND = YES;
				GCC_C_LANGUAGE_STANDARD = gnu99;
				GCC_NO_COMMON_BLOCKS = YES;
				GCC_WARN_64_TO_32_BIT_CONVERSION = YES;
				GCC_WARN_ABOUT_RETURN_TYPE = YES_ERROR;
				GCC_WARN_UNDECLARED_SELECTOR = YES;
				GCC_WARN_UNINITIALIZED_AUTOS = YES_AGGRESSIVE;
				GCC_WARN_UNUSED_FUNCTION = YES;
				GCC_WARN_UNUSED_VARIABLE = YES;
				MACOSX_DEPLOYMENT_TARGET = 10.11;
				MTL_ENABLE_DEBUG_INFO = NO;
				SDKROOT = macosx;
				SWIFT_OPTIMIZATION_LEVEL = "-Owholemodule";
			};
			name = Release;
		};
		498763FA1D4D84E9001A6121 /* Debug */ = {
			isa = XCBuildConfiguration;
			buildSettings = {
				ASSETCATALOG_COMPILER_APPICON_NAME = AppIcon;
				CLANG_ENABLE_MODULES = YES;
				COMBINE_HIDPI_IMAGES = YES;
				INFOPLIST_FILE = OpenHere/Info.plist;
				LD_RUNPATH_SEARCH_PATHS = "$(inherited) @executable_path/../Frameworks";
				PRODUCT_BUNDLE_IDENTIFIER = com.mssft.OpenHere;
				PRODUCT_NAME = "$(TARGET_NAME)";
				SWIFT_OBJC_BRIDGING_HEADER = "OpenHere/OpenHere-Bridging-Header.h";
				SWIFT_OPTIMIZATION_LEVEL = "-Onone";
				SWIFT_VERSION = 3.0;
			};
			name = Debug;
		};
		498763FB1D4D84E9001A6121 /* Release */ = {
			isa = XCBuildConfiguration;
			buildSettings = {
				ASSETCATALOG_COMPILER_APPICON_NAME = AppIcon;
				CLANG_ENABLE_MODULES = YES;
				COMBINE_HIDPI_IMAGES = YES;
				INFOPLIST_FILE = OpenHere/Info.plist;
				LD_RUNPATH_SEARCH_PATHS = "$(inherited) @executable_path/../Frameworks";
				PRODUCT_BUNDLE_IDENTIFIER = com.mssft.OpenHere;
				PRODUCT_NAME = "$(TARGET_NAME)";
				SWIFT_OBJC_BRIDGING_HEADER = "OpenHere/OpenHere-Bridging-Header.h";
				SWIFT_VERSION = 3.0;
			};
			name = Release;
		};
/* End XCBuildConfiguration section */

/* Begin XCConfigurationList section */
		498763E71D4D84E9001A6121 /* Build configuration list for PBXProject "OpenHere" */ = {
			isa = XCConfigurationList;
			buildConfigurations = (
				498763F71D4D84E9001A6121 /* Debug */,
				498763F81D4D84E9001A6121 /* Release */,
			);
			defaultConfigurationIsVisible = 0;
			defaultConfigurationName = Release;
		};
		498763F91D4D84E9001A6121 /* Build configuration list for PBXNativeTarget "OpenHere" */ = {
			isa = XCConfigurationList;
			buildConfigurations = (
				498763FA1D4D84E9001A6121 /* Debug */,
				498763FB1D4D84E9001A6121 /* Release */,
			);
			defaultConfigurationIsVisible = 0;
			defaultConfigurationName = Release;
		};
/* End XCConfigurationList section */
	};
	rootObject = 498763E41D4D84E9001A6121 /* Project object */;
}
